# THIS IS AN AUTOGENERATED FILE. DO NOT EDIT THIS FILE DIRECTLY.
# yarn lockfile v1


cookiefile@^1.0.10:
  version "1.0.10"
  resolved "https://registry.yarnpkg.com/cookiefile/-/cookiefile-1.0.10.tgz#ce28e1b5c11f56202aa9c1db5a99741ea0e5d328"
  dependencies:
    file-exists "^2.0.0"
    isnumeric "^0.3.1"

file-exists@^2.0.0:
  version "2.0.0"
  resolved "https://registry.yarnpkg.com/file-exists/-/file-exists-2.0.0.tgz#a24150665150e62d55bc5449281d88d2b0810dca"

isnumeric@^0.3.1:
  version "0.3.2"
  resolved "https://registry.yarnpkg.com/isnumeric/-/isnumeric-0.3.2.tgz#9821f123478a4e5f2c0e41267887f29de0fb243b"
